schema: '2.0'
stages:
  data_ingestion:
    cmd: python src/pulmoClassifier/pipeline/stage_01_data_ingestion.py
    deps:
    - path: config/config.yaml
      hash: md5
      md5: cd1fc65ecf2d4c7e1c96509cf0bb5c33
      size: 672
    - path: src/pulmoClassifier/pipeline/stage_01_data_ingestion.py
      hash: md5
      md5: 059338e84437acf464cf86d904b7eafa
      size: 916
    outs:
    - path: artifacts/data_ingestion/Chest-CT-Scan-data
      hash: md5
      md5: 904fa45d934ce879b3b1933dca6cb2f1.dir
      size: 49247431
      nfiles: 343
  prepare_base_model:
    cmd: python src/pulmoClassifier/pipeline/stage_02_prepare_base_model.py
    deps:
    - path: config/config.yaml
      hash: md5
      md5: cd1fc65ecf2d4c7e1c96509cf0bb5c33
      size: 672
    - path: src/pulmoClassifier/pipeline/stage_02_prepare_base_model.py
      hash: md5
      md5: 777a4dac6a4aa28b2d1d10583ca8c167
      size: 1003
    params:
      params.yaml:
        CLASSES: 2
        IMAGE_SIZE:
        - 224
        - 224
        - 3
        INCLUDE_TOP: false
        LEARNING_RATE: 0.01
        WEIGHTS: imagenet
    outs:
    - path: artifacts/prepare_base_model
      hash: md5
      md5: 4ef408b32fc1b27bfc812ea175c865d4.dir
      size: 118054560
      nfiles: 2
  training:
    cmd: python src/pulmoClassifier/pipeline/stage_03_model_trainer.py
    deps:
    - path: artifacts/data_ingestion/Chest-CT-Scan-data
      hash: md5
      md5: 904fa45d934ce879b3b1933dca6cb2f1.dir
      size: 49247431
      nfiles: 343
    - path: artifacts/prepare_base_model
      hash: md5
      md5: 4ef408b32fc1b27bfc812ea175c865d4.dir
      size: 118054560
      nfiles: 2
    - path: config/config.yaml
      hash: md5
      md5: cd1fc65ecf2d4c7e1c96509cf0bb5c33
      size: 672
    - path: src/pulmoClassifier/pipeline/stage_03_model_trainer.py
      hash: md5
      md5: c757790e90a6b0eca3c0da94b62236d1
      size: 934
    params:
      params.yaml:
        AUGMENTATION: true
        BATCH_SIZE: 16
        EPOCHS: 5
        IMAGE_SIZE:
        - 224
        - 224
        - 3
    outs:
    - path: artifacts/training/model.h5
      hash: md5
      md5: 4a7cd9ca3fe001dad353e63510232705
      size: 59337520
  evaluation:
    cmd: python src/pulmoClassifier/pipeline/stage_04_model_evaluation.py
    deps:
    - path: artifacts/data_ingestion/Chest-CT-Scan-data
      hash: md5
      md5: 904fa45d934ce879b3b1933dca6cb2f1.dir
      size: 49247431
      nfiles: 343
    - path: artifacts/training/model.h5
      hash: md5
      md5: 4a7cd9ca3fe001dad353e63510232705
      size: 59337520
    - path: config/config.yaml
      hash: md5
      md5: cd1fc65ecf2d4c7e1c96509cf0bb5c33
      size: 672
    - path: src/pulmoClassifier/pipeline/stage_04_model_evaluation.py
      hash: md5
      md5: 1ec527de1a3252eaea70dd8222a2e18d
      size: 933
    params:
      params.yaml:
        BATCH_SIZE: 16
        IMAGE_SIZE:
        - 224
        - 224
        - 3
    outs:
    - path: scores.json
      hash: md5
      md5: f10de6354616a10dc9358cfa0bae70ee
      size: 72
